
Microsoft Visual Studio Solution File, Format Version 12.00
# Visual Studio 15
VisualStudioVersion = 15.0.28010.2041
MinimumVisualStudioVersion = 10.0.40219.1
Project("{FAE04EC0-301F-11D3-BF4B-00C04F79EFBC}") = "webappgithub", "webappgithub\webappgithub.csproj", "{A6C3B690-21E6-4D1B-AAF3-BC633816AB40}"
EndProject
Global
	GlobalSection(SolutionConfigurationPlatforms) = preSolution
		Debug|Any CPU = Debug|Any CPU
		Release|Any CPU = Release|Any CPU
	EndGlobalSection
	GlobalSection(ProjectConfigurationPlatforms) = postSolution
		{A6C3B690-21E6-4D1B-AAF3-BC633816AB40}.Debug|Any CPU.ActiveCfg = Debug|Any CPU
		{A6C3B690-21E6-4D1B-AAF3-BC633816AB40}.Debug|Any CPU.Build.0 = Debug|Any CPU
		{A6C3B690-21E6-4D1B-AAF3-BC633816AB40}.Release|Any CPU.ActiveCfg = Release|Any CPU
		{A6C3B690-21E6-4D1B-AAF3-BC633816AB40}.Release|Any CPU.Build.0 = Release|Any CPU
	EndGlobalSection
	GlobalSection(SolutionProperties) = preSolution
		HideSolutionNode = FALSE
	EndGlobalSection
	GlobalSection(ExtensibilityGlobals) = postSolution
		SolutionGuid = {9814CDCE-C717-4C60-98FF-3FCA0B179145}
	EndGlobalSection
EndGlobal
